
Microsoft Visual Studio Solution File, Format Version 12.00
# Visual Studio Version 17
VisualStudioVersion = 17.0.31903.59
MinimumVisualStudioVersion = 10.0.40219.1
Project("{2150E333-8FDC-42A3-9474-1A3956D46DE8}") = "src", "src", "{4051938F-BDCF-4DEB-8816-DC1B94D19C5E}"
EndProject
Project("{FAE04EC0-301F-11D3-BF4B-00C04F79EFBC}") = "AuctionService", "src\AuctionService\AuctionService.csproj", "{101AA08E-6EE7-4E74-9718-AA0A3A01E8FE}"
EndProject
Project("{FAE04EC0-301F-11D3-BF4B-00C04F79EFBC}") = "SearchService", "src\SearchService\SearchService.csproj", "{5CB50B67-4452-4D9B-AE0B-590242CC45D7}"
EndProject
Project("{FAE04EC0-301F-11D3-BF4B-00C04F79EFBC}") = "Contracts", "src\Contracts\Contracts.csproj", "{186F4434-6AE4-4E11-A906-805AA2E1ADF4}"
EndProject
Project("{FAE04EC0-301F-11D3-BF4B-00C04F79EFBC}") = "IdentityService", "src\IdentityService\IdentityService.csproj", "{70966115-1625-43C2-BE0C-F4A8EBB8B5A8}"
EndProject
Project("{FAE04EC0-301F-11D3-BF4B-00C04F79EFBC}") = "GatewayService", "src\GatewayService\GatewayService.csproj", "{0C7C07A2-AC19-49C3-8485-14FF94487DC8}"
EndProject
Project("{FAE04EC0-301F-11D3-BF4B-00C04F79EFBC}") = "BiddingService", "src\BiddingService\BiddingService.csproj", "{53C6619A-8E70-4BB4-82A1-F51051C5A713}"
EndProject
Project("{FAE04EC0-301F-11D3-BF4B-00C04F79EFBC}") = "NotificationService", "src\NotificationService\NotificationService.csproj", "{6517BD22-2A54-4A62-8526-35F22D9D7A6B}"
EndProject
Global
	GlobalSection(SolutionConfigurationPlatforms) = preSolution
		Debug|Any CPU = Debug|Any CPU
		Release|Any CPU = Release|Any CPU
	EndGlobalSection
	GlobalSection(SolutionProperties) = preSolution
		HideSolutionNode = FALSE
	EndGlobalSection
	GlobalSection(ProjectConfigurationPlatforms) = postSolution
		{101AA08E-6EE7-4E74-9718-AA0A3A01E8FE}.Debug|Any CPU.ActiveCfg = Debug|Any CPU
		{101AA08E-6EE7-4E74-9718-AA0A3A01E8FE}.Debug|Any CPU.Build.0 = Debug|Any CPU
		{101AA08E-6EE7-4E74-9718-AA0A3A01E8FE}.Release|Any CPU.ActiveCfg = Release|Any CPU
		{101AA08E-6EE7-4E74-9718-AA0A3A01E8FE}.Release|Any CPU.Build.0 = Release|Any CPU
		{5CB50B67-4452-4D9B-AE0B-590242CC45D7}.Debug|Any CPU.ActiveCfg = Debug|Any CPU
		{5CB50B67-4452-4D9B-AE0B-590242CC45D7}.Debug|Any CPU.Build.0 = Debug|Any CPU
		{5CB50B67-4452-4D9B-AE0B-590242CC45D7}.Release|Any CPU.ActiveCfg = Release|Any CPU
		{5CB50B67-4452-4D9B-AE0B-590242CC45D7}.Release|Any CPU.Build.0 = Release|Any CPU
		{186F4434-6AE4-4E11-A906-805AA2E1ADF4}.Debug|Any CPU.ActiveCfg = Debug|Any CPU
		{186F4434-6AE4-4E11-A906-805AA2E1ADF4}.Debug|Any CPU.Build.0 = Debug|Any CPU
		{186F4434-6AE4-4E11-A906-805AA2E1ADF4}.Release|Any CPU.ActiveCfg = Release|Any CPU
		{186F4434-6AE4-4E11-A906-805AA2E1ADF4}.Release|Any CPU.Build.0 = Release|Any CPU
		{70966115-1625-43C2-BE0C-F4A8EBB8B5A8}.Debug|Any CPU.ActiveCfg = Debug|Any CPU
		{70966115-1625-43C2-BE0C-F4A8EBB8B5A8}.Debug|Any CPU.Build.0 = Debug|Any CPU
		{70966115-1625-43C2-BE0C-F4A8EBB8B5A8}.Release|Any CPU.ActiveCfg = Release|Any CPU
		{70966115-1625-43C2-BE0C-F4A8EBB8B5A8}.Release|Any CPU.Build.0 = Release|Any CPU
		{0C7C07A2-AC19-49C3-8485-14FF94487DC8}.Debug|Any CPU.ActiveCfg = Debug|Any CPU
		{0C7C07A2-AC19-49C3-8485-14FF94487DC8}.Debug|Any CPU.Build.0 = Debug|Any CPU
		{0C7C07A2-AC19-49C3-8485-14FF94487DC8}.Release|Any CPU.ActiveCfg = Release|Any CPU
		{0C7C07A2-AC19-49C3-8485-14FF94487DC8}.Release|Any CPU.Build.0 = Release|Any CPU
		{53C6619A-8E70-4BB4-82A1-F51051C5A713}.Debug|Any CPU.ActiveCfg = Debug|Any CPU
		{53C6619A-8E70-4BB4-82A1-F51051C5A713}.Debug|Any CPU.Build.0 = Debug|Any CPU
		{53C6619A-8E70-4BB4-82A1-F51051C5A713}.Release|Any CPU.ActiveCfg = Release|Any CPU
		{53C6619A-8E70-4BB4-82A1-F51051C5A713}.Release|Any CPU.Build.0 = Release|Any CPU
		{6517BD22-2A54-4A62-8526-35F22D9D7A6B}.Debug|Any CPU.ActiveCfg = Debug|Any CPU
		{6517BD22-2A54-4A62-8526-35F22D9D7A6B}.Debug|Any CPU.Build.0 = Debug|Any CPU
		{6517BD22-2A54-4A62-8526-35F22D9D7A6B}.Release|Any CPU.ActiveCfg = Release|Any CPU
		{6517BD22-2A54-4A62-8526-35F22D9D7A6B}.Release|Any CPU.Build.0 = Release|Any CPU
	EndGlobalSection
	GlobalSection(NestedProjects) = preSolution
		{101AA08E-6EE7-4E74-9718-AA0A3A01E8FE} = {4051938F-BDCF-4DEB-8816-DC1B94D19C5E}
		{5CB50B67-4452-4D9B-AE0B-590242CC45D7} = {4051938F-BDCF-4DEB-8816-DC1B94D19C5E}
		{186F4434-6AE4-4E11-A906-805AA2E1ADF4} = {4051938F-BDCF-4DEB-8816-DC1B94D19C5E}
		{70966115-1625-43C2-BE0C-F4A8EBB8B5A8} = {4051938F-BDCF-4DEB-8816-DC1B94D19C5E}
		{0C7C07A2-AC19-49C3-8485-14FF94487DC8} = {4051938F-BDCF-4DEB-8816-DC1B94D19C5E}
		{53C6619A-8E70-4BB4-82A1-F51051C5A713} = {4051938F-BDCF-4DEB-8816-DC1B94D19C5E}
		{6517BD22-2A54-4A62-8526-35F22D9D7A6B} = {4051938F-BDCF-4DEB-8816-DC1B94D19C5E}
	EndGlobalSection
EndGlobal
