
Microsoft Visual Studio Solution File, Format Version 12.00
# Visual Studio Version 17
VisualStudioVersion = 17.0.31903.59
MinimumVisualStudioVersion = 10.0.40219.1
Project("{2150E333-8FDC-42A3-9474-1A3956D46DE8}") = "src", "src", "{FD945948-BE11-41DE-A2A9-DE7838856DD0}"
EndProject
Project("{FAE04EC0-301F-11D3-BF4B-00C04F79EFBC}") = "AuctionService", "src\AuctionService\AuctionService.csproj", "{6DEDA718-7E64-4468-AD08-A84A81D7E5DE}"
EndProject
Project("{FAE04EC0-301F-11D3-BF4B-00C04F79EFBC}") = "SearchService", "src\SearchService\SearchService.csproj", "{75BB8D76-DA3B-4BD8-9251-28E131B7BC36}"
EndProject
Project("{FAE04EC0-301F-11D3-BF4B-00C04F79EFBC}") = "Contracts", "src\Contracts\Contracts.csproj", "{0381A752-BE7B-4C2D-B709-77B1BD8A728F}"
EndProject
Global
	GlobalSection(SolutionConfigurationPlatforms) = preSolution
		Debug|Any CPU = Debug|Any CPU
		Release|Any CPU = Release|Any CPU
	EndGlobalSection
	GlobalSection(SolutionProperties) = preSolution
		HideSolutionNode = FALSE
	EndGlobalSection
	GlobalSection(ProjectConfigurationPlatforms) = postSolution
		{6DEDA718-7E64-4468-AD08-A84A81D7E5DE}.Debug|Any CPU.ActiveCfg = Debug|Any CPU
		{6DEDA718-7E64-4468-AD08-A84A81D7E5DE}.Debug|Any CPU.Build.0 = Debug|Any CPU
		{6DEDA718-7E64-4468-AD08-A84A81D7E5DE}.Release|Any CPU.ActiveCfg = Release|Any CPU
		{6DEDA718-7E64-4468-AD08-A84A81D7E5DE}.Release|Any CPU.Build.0 = Release|Any CPU
		{75BB8D76-DA3B-4BD8-9251-28E131B7BC36}.Debug|Any CPU.ActiveCfg = Debug|Any CPU
		{75BB8D76-DA3B-4BD8-9251-28E131B7BC36}.Debug|Any CPU.Build.0 = Debug|Any CPU
		{75BB8D76-DA3B-4BD8-9251-28E131B7BC36}.Release|Any CPU.ActiveCfg = Release|Any CPU
		{75BB8D76-DA3B-4BD8-9251-28E131B7BC36}.Release|Any CPU.Build.0 = Release|Any CPU
		{0381A752-BE7B-4C2D-B709-77B1BD8A728F}.Debug|Any CPU.ActiveCfg = Debug|Any CPU
		{0381A752-BE7B-4C2D-B709-77B1BD8A728F}.Debug|Any CPU.Build.0 = Debug|Any CPU
		{0381A752-BE7B-4C2D-B709-77B1BD8A728F}.Release|Any CPU.ActiveCfg = Release|Any CPU
		{0381A752-BE7B-4C2D-B709-77B1BD8A728F}.Release|Any CPU.Build.0 = Release|Any CPU
	EndGlobalSection
	GlobalSection(NestedProjects) = preSolution
		{6DEDA718-7E64-4468-AD08-A84A81D7E5DE} = {FD945948-BE11-41DE-A2A9-DE7838856DD0}
		{75BB8D76-DA3B-4BD8-9251-28E131B7BC36} = {FD945948-BE11-41DE-A2A9-DE7838856DD0}
		{0381A752-BE7B-4C2D-B709-77B1BD8A728F} = {FD945948-BE11-41DE-A2A9-DE7838856DD0}
	EndGlobalSection
EndGlobal
