
Microsoft Visual Studio Solution File, Format Version 12.00
# Visual Studio Version 17
VisualStudioVersion = 17.0.31903.59
MinimumVisualStudioVersion = 10.0.40219.1
Project("{2150E333-8FDC-42A3-9474-1A3956D46DE8}") = "src", "src", "{827E0CD3-B72D-47B6-A68D-7590B98EB39B}"
EndProject
Project("{FAE04EC0-301F-11D3-BF4B-00C04F79EFBC}") = "AuctionService", "src\AuctionService\AuctionService.csproj", "{61324F32-4D76-47EE-B92D-A612650A24DF}"
EndProject
Project("{FAE04EC0-301F-11D3-BF4B-00C04F79EFBC}") = "SearchService", "src\SearchService\SearchService.csproj", "{B8B06F50-346A-4FF6-8737-5EC2BCF555BB}"
EndProject
Project("{FAE04EC0-301F-11D3-BF4B-00C04F79EFBC}") = "Contracts", "src\Contracts\Contracts.csproj", "{CEDDFEF3-0BC9-4477-9637-5716898E16FA}"
EndProject
Project("{FAE04EC0-301F-11D3-BF4B-00C04F79EFBC}") = "IdentityService", "src\IdentityService\IdentityService.csproj", "{7B58B30D-7C0D-4B93-A8F1-9E70397E3A13}"
EndProject
Global
	GlobalSection(SolutionConfigurationPlatforms) = preSolution
		Debug|Any CPU = Debug|Any CPU
		Debug|x64 = Debug|x64
		Debug|x86 = Debug|x86
		Release|Any CPU = Release|Any CPU
		Release|x64 = Release|x64
		Release|x86 = Release|x86
	EndGlobalSection
	GlobalSection(ProjectConfigurationPlatforms) = postSolution
		{61324F32-4D76-47EE-B92D-A612650A24DF}.Debug|Any CPU.ActiveCfg = Debug|Any CPU
		{61324F32-4D76-47EE-B92D-A612650A24DF}.Debug|Any CPU.Build.0 = Debug|Any CPU
		{61324F32-4D76-47EE-B92D-A612650A24DF}.Debug|x64.ActiveCfg = Debug|Any CPU
		{61324F32-4D76-47EE-B92D-A612650A24DF}.Debug|x64.Build.0 = Debug|Any CPU
		{61324F32-4D76-47EE-B92D-A612650A24DF}.Debug|x86.ActiveCfg = Debug|Any CPU
		{61324F32-4D76-47EE-B92D-A612650A24DF}.Debug|x86.Build.0 = Debug|Any CPU
		{61324F32-4D76-47EE-B92D-A612650A24DF}.Release|Any CPU.ActiveCfg = Release|Any CPU
		{61324F32-4D76-47EE-B92D-A612650A24DF}.Release|Any CPU.Build.0 = Release|Any CPU
		{61324F32-4D76-47EE-B92D-A612650A24DF}.Release|x64.ActiveCfg = Release|Any CPU
		{61324F32-4D76-47EE-B92D-A612650A24DF}.Release|x64.Build.0 = Release|Any CPU
		{61324F32-4D76-47EE-B92D-A612650A24DF}.Release|x86.ActiveCfg = Release|Any CPU
		{61324F32-4D76-47EE-B92D-A612650A24DF}.Release|x86.Build.0 = Release|Any CPU
		{B8B06F50-346A-4FF6-8737-5EC2BCF555BB}.Debug|Any CPU.ActiveCfg = Debug|Any CPU
		{B8B06F50-346A-4FF6-8737-5EC2BCF555BB}.Debug|Any CPU.Build.0 = Debug|Any CPU
		{B8B06F50-346A-4FF6-8737-5EC2BCF555BB}.Debug|x64.ActiveCfg = Debug|Any CPU
		{B8B06F50-346A-4FF6-8737-5EC2BCF555BB}.Debug|x64.Build.0 = Debug|Any CPU
		{B8B06F50-346A-4FF6-8737-5EC2BCF555BB}.Debug|x86.ActiveCfg = Debug|Any CPU
		{B8B06F50-346A-4FF6-8737-5EC2BCF555BB}.Debug|x86.Build.0 = Debug|Any CPU
		{B8B06F50-346A-4FF6-8737-5EC2BCF555BB}.Release|Any CPU.ActiveCfg = Release|Any CPU
		{B8B06F50-346A-4FF6-8737-5EC2BCF555BB}.Release|Any CPU.Build.0 = Release|Any CPU
		{B8B06F50-346A-4FF6-8737-5EC2BCF555BB}.Release|x64.ActiveCfg = Release|Any CPU
		{B8B06F50-346A-4FF6-8737-5EC2BCF555BB}.Release|x64.Build.0 = Release|Any CPU
		{B8B06F50-346A-4FF6-8737-5EC2BCF555BB}.Release|x86.ActiveCfg = Release|Any CPU
		{B8B06F50-346A-4FF6-8737-5EC2BCF555BB}.Release|x86.Build.0 = Release|Any CPU
		{CEDDFEF3-0BC9-4477-9637-5716898E16FA}.Debug|Any CPU.ActiveCfg = Debug|Any CPU
		{CEDDFEF3-0BC9-4477-9637-5716898E16FA}.Debug|Any CPU.Build.0 = Debug|Any CPU
		{CEDDFEF3-0BC9-4477-9637-5716898E16FA}.Debug|x64.ActiveCfg = Debug|Any CPU
		{CEDDFEF3-0BC9-4477-9637-5716898E16FA}.Debug|x64.Build.0 = Debug|Any CPU
		{CEDDFEF3-0BC9-4477-9637-5716898E16FA}.Debug|x86.ActiveCfg = Debug|Any CPU
		{CEDDFEF3-0BC9-4477-9637-5716898E16FA}.Debug|x86.Build.0 = Debug|Any CPU
		{CEDDFEF3-0BC9-4477-9637-5716898E16FA}.Release|Any CPU.ActiveCfg = Release|Any CPU
		{CEDDFEF3-0BC9-4477-9637-5716898E16FA}.Release|Any CPU.Build.0 = Release|Any CPU
		{CEDDFEF3-0BC9-4477-9637-5716898E16FA}.Release|x64.ActiveCfg = Release|Any CPU
		{CEDDFEF3-0BC9-4477-9637-5716898E16FA}.Release|x64.Build.0 = Release|Any CPU
		{CEDDFEF3-0BC9-4477-9637-5716898E16FA}.Release|x86.ActiveCfg = Release|Any CPU
		{CEDDFEF3-0BC9-4477-9637-5716898E16FA}.Release|x86.Build.0 = Release|Any CPU
		{7B58B30D-7C0D-4B93-A8F1-9E70397E3A13}.Debug|Any CPU.ActiveCfg = Debug|Any CPU
		{7B58B30D-7C0D-4B93-A8F1-9E70397E3A13}.Debug|Any CPU.Build.0 = Debug|Any CPU
		{7B58B30D-7C0D-4B93-A8F1-9E70397E3A13}.Debug|x64.ActiveCfg = Debug|Any CPU
		{7B58B30D-7C0D-4B93-A8F1-9E70397E3A13}.Debug|x64.Build.0 = Debug|Any CPU
		{7B58B30D-7C0D-4B93-A8F1-9E70397E3A13}.Debug|x86.ActiveCfg = Debug|Any CPU
		{7B58B30D-7C0D-4B93-A8F1-9E70397E3A13}.Debug|x86.Build.0 = Debug|Any CPU
		{7B58B30D-7C0D-4B93-A8F1-9E70397E3A13}.Release|Any CPU.ActiveCfg = Release|Any CPU
		{7B58B30D-7C0D-4B93-A8F1-9E70397E3A13}.Release|Any CPU.Build.0 = Release|Any CPU
		{7B58B30D-7C0D-4B93-A8F1-9E70397E3A13}.Release|x64.ActiveCfg = Release|Any CPU
		{7B58B30D-7C0D-4B93-A8F1-9E70397E3A13}.Release|x64.Build.0 = Release|Any CPU
		{7B58B30D-7C0D-4B93-A8F1-9E70397E3A13}.Release|x86.ActiveCfg = Release|Any CPU
		{7B58B30D-7C0D-4B93-A8F1-9E70397E3A13}.Release|x86.Build.0 = Release|Any CPU
	EndGlobalSection
	GlobalSection(SolutionProperties) = preSolution
		HideSolutionNode = FALSE
	EndGlobalSection
	GlobalSection(NestedProjects) = preSolution
		{61324F32-4D76-47EE-B92D-A612650A24DF} = {827E0CD3-B72D-47B6-A68D-7590B98EB39B}
		{B8B06F50-346A-4FF6-8737-5EC2BCF555BB} = {827E0CD3-B72D-47B6-A68D-7590B98EB39B}
		{CEDDFEF3-0BC9-4477-9637-5716898E16FA} = {827E0CD3-B72D-47B6-A68D-7590B98EB39B}
		{7B58B30D-7C0D-4B93-A8F1-9E70397E3A13} = {827E0CD3-B72D-47B6-A68D-7590B98EB39B}
	EndGlobalSection
EndGlobal
